
Microsoft Visual Studio Solution File, Format Version 12.00
# Visual Studio Version 17
VisualStudioVersion = 17.12.35527.113 d17.12
MinimumVisualStudioVersion = 10.0.40219.1
Project("{FAE04EC0-301F-11D3-BF4B-00C04F79EFBC}") = "ReactWithASP.Server", "ReactWithASP.Server\ReactWithASP.Server.csproj", "{0B905A45-D77F-42A7-BA7D-21045B4FF4FD}"
EndProject
Project("{54A90642-561A-4BB1-A94E-469ADEE60C69}") = "reactwithasp.client", "reactwithasp.client\reactwithasp.client.esproj", "{4FC14837-C362-4C84-A8B0-566F7E3C0C0D}"
EndProject
Global
	GlobalSection(SolutionConfigurationPlatforms) = preSolution
		Debug|Any CPU = Debug|Any CPU
		Release|Any CPU = Release|Any CPU
	EndGlobalSection
	GlobalSection(ProjectConfigurationPlatforms) = postSolution
		{0B905A45-D77F-42A7-BA7D-21045B4FF4FD}.Debug|Any CPU.ActiveCfg = Debug|Any CPU
		{0B905A45-D77F-42A7-BA7D-21045B4FF4FD}.Debug|Any CPU.Build.0 = Debug|Any CPU
		{0B905A45-D77F-42A7-BA7D-21045B4FF4FD}.Release|Any CPU.ActiveCfg = Release|Any CPU
		{0B905A45-D77F-42A7-BA7D-21045B4FF4FD}.Release|Any CPU.Build.0 = Release|Any CPU
		{4FC14837-C362-4C84-A8B0-566F7E3C0C0D}.Debug|Any CPU.ActiveCfg = Debug|Any CPU
		{4FC14837-C362-4C84-A8B0-566F7E3C0C0D}.Debug|Any CPU.Build.0 = Debug|Any CPU
		{4FC14837-C362-4C84-A8B0-566F7E3C0C0D}.Debug|Any CPU.Deploy.0 = Debug|Any CPU
		{4FC14837-C362-4C84-A8B0-566F7E3C0C0D}.Release|Any CPU.ActiveCfg = Release|Any CPU
		{4FC14837-C362-4C84-A8B0-566F7E3C0C0D}.Release|Any CPU.Build.0 = Release|Any CPU
		{4FC14837-C362-4C84-A8B0-566F7E3C0C0D}.Release|Any CPU.Deploy.0 = Release|Any CPU
	EndGlobalSection
	GlobalSection(SolutionProperties) = preSolution
		HideSolutionNode = FALSE
	EndGlobalSection
EndGlobal
